
Microsoft Visual Studio Solution File, Format Version 12.00
# Visual Studio Version 17
VisualStudioVersion = 17.5.33502.453
MinimumVisualStudioVersion = 10.0.40219.1
Project("{FAE04EC0-301F-11D3-BF4B-00C04F79EFBC}") = "StackShuffleCalculator", "StackShuffleCalculator\StackShuffleCalculator.csproj", "{7F649637-3927-4263-8D1E-31399A70449E}"
EndProject
Global
	GlobalSection(SolutionConfigurationPlatforms) = preSolution
		Debug|Any CPU = Debug|Any CPU
		Release|Any CPU = Release|Any CPU
	EndGlobalSection
	GlobalSection(ProjectConfigurationPlatforms) = postSolution
		{7F649637-3927-4263-8D1E-31399A70449E}.Debug|Any CPU.ActiveCfg = Debug|Any CPU
		{7F649637-3927-4263-8D1E-31399A70449E}.Debug|Any CPU.Build.0 = Debug|Any CPU
		{7F649637-3927-4263-8D1E-31399A70449E}.Release|Any CPU.ActiveCfg = Release|Any CPU
		{7F649637-3927-4263-8D1E-31399A70449E}.Release|Any CPU.Build.0 = Release|Any CPU
	EndGlobalSection
	GlobalSection(SolutionProperties) = preSolution
		HideSolutionNode = FALSE
	EndGlobalSection
	GlobalSection(ExtensibilityGlobals) = postSolution
		SolutionGuid = {8E56BEF1-25AA-48A9-9B6A-79EE68B85C45}
	EndGlobalSection
EndGlobal
